
Microsoft Visual Studio Solution File, Format Version 12.00
# Visual Studio Version 17
VisualStudioVersion = 17.0.31912.275
MinimumVisualStudioVersion = 10.0.40219.1
Project("{9A19103F-16F7-4668-BE54-9A1E7A4F7556}") = "MyApp", "MyApp\MyApp.csproj", "{161A3B05-2711-4BD8-9A3F-E16A3E2F03F3}"
	ProjectSection(ProjectDependencies) = postProject
		{C6CB9058-3826-4B29-8F94-A25844C42373} = {C6CB9058-3826-4B29-8F94-A25844C42373}
	EndProjectSection
EndProject
Project("{9A19103F-16F7-4668-BE54-9A1E7A4F7556}") = "Infrastructure", "Infrastructure\Infrastructure.csproj", "{B5E17B50-70BE-4612-A967-D7547700CA60}"
EndProject
Project("{9A19103F-16F7-4668-BE54-9A1E7A4F7556}") = "MyApp.Domain", "MyApp.Domain\MyApp.Domain.csproj", "{C6CB9058-3826-4B29-8F94-A25844C42373}"
EndProject
Project("{9A19103F-16F7-4668-BE54-9A1E7A4F7556}") = "MyAppTests", "MyAppTests\MyAppTests.csproj", "{9F5D127E-0A52-472F-99E4-660DFC09428E}"
EndProject
Project("{9A19103F-16F7-4668-BE54-9A1E7A4F7556}") = "ContentApp", "ContentApp\ContentApp.csproj", "{117BA621-FBC7-4493-A1ED-8C9D28B8CD9D}"
EndProject
Project("{9A19103F-16F7-4668-BE54-9A1E7A4F7556}") = "ContentApp.Domain", "ContentApp.Domain\ContentApp.Domain.csproj", "{72C89591-B014-4BD7-A95F-FE8892EE0987}"
EndProject
Project("{9A19103F-16F7-4668-BE54-9A1E7A4F7556}") = "ContentApp.Infrastructure", "ContentApp.Infrastructure\ContentApp.Infrastructure.csproj", "{47119C2E-73AC-4119-A92E-0269C521A40F}"
EndProject
Project("{9A19103F-16F7-4668-BE54-9A1E7A4F7556}") = "MyApp.Contracts", "MyApp.Contracts\MyApp.Contracts.csproj", "{6D9BA75F-BD65-4E43-B807-0F9384130DEC}"
EndProject
Project("{E53339B2-1760-4266-BCC7-CA923CBCF16C}") = "docker-compose", "docker-compose.dcproj", "{2AF6B0A9-CA0E-4DBB-8C4A-DDCA9C804972}"
EndProject
Global
	GlobalSection(SolutionConfigurationPlatforms) = preSolution
		Debug|Any CPU = Debug|Any CPU
		Release|Any CPU = Release|Any CPU
	EndGlobalSection
	GlobalSection(ProjectConfigurationPlatforms) = postSolution
		{161A3B05-2711-4BD8-9A3F-E16A3E2F03F3}.Debug|Any CPU.ActiveCfg = Debug|Any CPU
		{161A3B05-2711-4BD8-9A3F-E16A3E2F03F3}.Debug|Any CPU.Build.0 = Debug|Any CPU
		{161A3B05-2711-4BD8-9A3F-E16A3E2F03F3}.Release|Any CPU.ActiveCfg = Release|Any CPU
		{161A3B05-2711-4BD8-9A3F-E16A3E2F03F3}.Release|Any CPU.Build.0 = Release|Any CPU
		{B5E17B50-70BE-4612-A967-D7547700CA60}.Debug|Any CPU.ActiveCfg = Debug|Any CPU
		{B5E17B50-70BE-4612-A967-D7547700CA60}.Debug|Any CPU.Build.0 = Debug|Any CPU
		{B5E17B50-70BE-4612-A967-D7547700CA60}.Release|Any CPU.ActiveCfg = Release|Any CPU
		{B5E17B50-70BE-4612-A967-D7547700CA60}.Release|Any CPU.Build.0 = Release|Any CPU
		{C6CB9058-3826-4B29-8F94-A25844C42373}.Debug|Any CPU.ActiveCfg = Debug|Any CPU
		{C6CB9058-3826-4B29-8F94-A25844C42373}.Debug|Any CPU.Build.0 = Debug|Any CPU
		{C6CB9058-3826-4B29-8F94-A25844C42373}.Release|Any CPU.ActiveCfg = Release|Any CPU
		{C6CB9058-3826-4B29-8F94-A25844C42373}.Release|Any CPU.Build.0 = Release|Any CPU
		{9F5D127E-0A52-472F-99E4-660DFC09428E}.Debug|Any CPU.ActiveCfg = Debug|Any CPU
		{9F5D127E-0A52-472F-99E4-660DFC09428E}.Debug|Any CPU.Build.0 = Debug|Any CPU
		{9F5D127E-0A52-472F-99E4-660DFC09428E}.Release|Any CPU.ActiveCfg = Release|Any CPU
		{9F5D127E-0A52-472F-99E4-660DFC09428E}.Release|Any CPU.Build.0 = Release|Any CPU
		{117BA621-FBC7-4493-A1ED-8C9D28B8CD9D}.Debug|Any CPU.ActiveCfg = Debug|Any CPU
		{117BA621-FBC7-4493-A1ED-8C9D28B8CD9D}.Debug|Any CPU.Build.0 = Debug|Any CPU
		{117BA621-FBC7-4493-A1ED-8C9D28B8CD9D}.Release|Any CPU.ActiveCfg = Release|Any CPU
		{117BA621-FBC7-4493-A1ED-8C9D28B8CD9D}.Release|Any CPU.Build.0 = Release|Any CPU
		{72C89591-B014-4BD7-A95F-FE8892EE0987}.Debug|Any CPU.ActiveCfg = Debug|Any CPU
		{72C89591-B014-4BD7-A95F-FE8892EE0987}.Debug|Any CPU.Build.0 = Debug|Any CPU
		{72C89591-B014-4BD7-A95F-FE8892EE0987}.Release|Any CPU.ActiveCfg = Release|Any CPU
		{72C89591-B014-4BD7-A95F-FE8892EE0987}.Release|Any CPU.Build.0 = Release|Any CPU
		{47119C2E-73AC-4119-A92E-0269C521A40F}.Debug|Any CPU.ActiveCfg = Debug|Any CPU
		{47119C2E-73AC-4119-A92E-0269C521A40F}.Debug|Any CPU.Build.0 = Debug|Any CPU
		{47119C2E-73AC-4119-A92E-0269C521A40F}.Release|Any CPU.ActiveCfg = Release|Any CPU
		{47119C2E-73AC-4119-A92E-0269C521A40F}.Release|Any CPU.Build.0 = Release|Any CPU
		{6D9BA75F-BD65-4E43-B807-0F9384130DEC}.Debug|Any CPU.ActiveCfg = Debug|Any CPU
		{6D9BA75F-BD65-4E43-B807-0F9384130DEC}.Debug|Any CPU.Build.0 = Debug|Any CPU
		{6D9BA75F-BD65-4E43-B807-0F9384130DEC}.Release|Any CPU.ActiveCfg = Release|Any CPU
		{6D9BA75F-BD65-4E43-B807-0F9384130DEC}.Release|Any CPU.Build.0 = Release|Any CPU
		{2AF6B0A9-CA0E-4DBB-8C4A-DDCA9C804972}.Debug|Any CPU.ActiveCfg = Debug|Any CPU
		{2AF6B0A9-CA0E-4DBB-8C4A-DDCA9C804972}.Debug|Any CPU.Build.0 = Debug|Any CPU
		{2AF6B0A9-CA0E-4DBB-8C4A-DDCA9C804972}.Release|Any CPU.ActiveCfg = Release|Any CPU
		{2AF6B0A9-CA0E-4DBB-8C4A-DDCA9C804972}.Release|Any CPU.Build.0 = Release|Any CPU
	EndGlobalSection
	GlobalSection(SolutionProperties) = preSolution
		HideSolutionNode = FALSE
	EndGlobalSection
	GlobalSection(ExtensibilityGlobals) = postSolution
		SolutionGuid = {19AF9606-6F0C-467D-9645-0F50C71AC833}
	EndGlobalSection
EndGlobal
